// !$*UTF8*$!
{
	archiveVersion = 1;
	classes = {
	};
	objectVersion = 46;
	objects = {

/* Begin PBXBuildFile section */
		923126C61D21D593000A14E5 /* User.swift in Sources */ = {isa = PBXBuildFile; fileRef = 923126C51D21D593000A14E5 /* User.swift */; };
		923126C81D21D5A3000A14E5 /* Tweet.swift in Sources */ = {isa = PBXBuildFile; fileRef = 923126C71D21D5A3000A14E5 /* Tweet.swift */; };
		923126CA1D21D9DE000A14E5 /* TwitterClient.swift in Sources */ = {isa = PBXBuildFile; fileRef = 923126C91D21D9DE000A14E5 /* TwitterClient.swift */; };
		923126CC1D21E9EF000A14E5 /* TweetsViewController.swift in Sources */ = {isa = PBXBuildFile; fileRef = 923126CB1D21E9EF000A14E5 /* TweetsViewController.swift */; };
		924FAFE11D25D9BC006B115D /* ComposeView.xib in Resources */ = {isa = PBXBuildFile; fileRef = 924FAFE01D25D9BC006B115D /* ComposeView.xib */; };
		924FAFE31D25DD82006B115D /* ComposeView.swift in Sources */ = {isa = PBXBuildFile; fileRef = 924FAFE21D25DD82006B115D /* ComposeView.swift */; };
		924FAFE51D25E69F006B115D /* ProfilePageViewController.swift in Sources */ = {isa = PBXBuildFile; fileRef = 924FAFE41D25E69F006B115D /* ProfilePageViewController.swift */; };
		925D9A981D232C50001E2581 /* TweetTableCell.swift in Sources */ = {isa = PBXBuildFile; fileRef = 925D9A971D232C50001E2581 /* TweetTableCell.swift */; };
		925D9A9A1D232C68001E2581 /* TweetTableCell.xib in Resources */ = {isa = PBXBuildFile; fileRef = 925D9A991D232C68001E2581 /* TweetTableCell.xib */; };
		925D9A9D1D233309001E2581 /* dateExtension.swift in Sources */ = {isa = PBXBuildFile; fileRef = 925D9A9C1D233309001E2581 /* dateExtension.swift */; };
		925D9A9F1D233540001E2581 /* TweetCell.swift in Sources */ = {isa = PBXBuildFile; fileRef = 925D9A9E1D233540001E2581 /* TweetCell.swift */; };
		92808CCB1D26E3DC00355402 /* ComposeTweetViewController.swift in Sources */ = {isa = PBXBuildFile; fileRef = 92808CCA1D26E3DC00355402 /* ComposeTweetViewController.swift */; };
		9285FFC71D21C509006D7A07 /* LoginViewController.swift in Sources */ = {isa = PBXBuildFile; fileRef = 9285FFC61D21C509006D7A07 /* LoginViewController.swift */; };
		92AD1DB61D21BDE400155154 /* AppDelegate.swift in Sources */ = {isa = PBXBuildFile; fileRef = 92AD1DB51D21BDE400155154 /* AppDelegate.swift */; };
		92AD1DBB1D21BDE400155154 /* Main.storyboard in Resources */ = {isa = PBXBuildFile; fileRef = 92AD1DB91D21BDE400155154 /* Main.storyboard */; };
		92AD1DBD1D21BDE400155154 /* Assets.xcassets in Resources */ = {isa = PBXBuildFile; fileRef = 92AD1DBC1D21BDE400155154 /* Assets.xcassets */; };
		92AD1DC01D21BDE400155154 /* LaunchScreen.storyboard in Resources */ = {isa = PBXBuildFile; fileRef = 92AD1DBE1D21BDE400155154 /* LaunchScreen.storyboard */; };
		92AD1DCB1D21BDE400155154 /* TwitterTests.swift in Sources */ = {isa = PBXBuildFile; fileRef = 92AD1DCA1D21BDE400155154 /* TwitterTests.swift */; };
		92AD1DD61D21BDE400155154 /* TwitterUITests.swift in Sources */ = {isa = PBXBuildFile; fileRef = 92AD1DD51D21BDE400155154 /* TwitterUITests.swift */; };
		92E8D0541D2599F7006B36FA /* TweetDetailViewController.swift in Sources */ = {isa = PBXBuildFile; fileRef = 92E8D0531D2599F7006B36FA /* TweetDetailViewController.swift */; };
		A00314CAABC2A7AB44EBD8C9 /* Pods_TwitterUITests.framework in Frameworks */ = {isa = PBXBuildFile; fileRef = 37547957F2356FAE62EB1301 /* Pods_TwitterUITests.framework */; };
		A6602F23055E77D1DA274576 /* Pods_TwitterTests.framework in Frameworks */ = {isa = PBXBuildFile; fileRef = E6B67905D82E5DFD9320E4C9 /* Pods_TwitterTests.framework */; };
		EDBBD53EF264716E8D2882F7 /* Pods_Twitter.framework in Frameworks */ = {isa = PBXBuildFile; fileRef = 6EF2F3F5F2682D2E1478C3D4 /* Pods_Twitter.framework */; };
/* End PBXBuildFile section */

/* Begin PBXContainerItemProxy section */
		92AD1DC71D21BDE400155154 /* PBXContainerItemProxy */ = {
			isa = PBXContainerItemProxy;
			containerPortal = 92AD1DAA1D21BDE400155154 /* Project object */;
			proxyType = 1;
			remoteGlobalIDString = 92AD1DB11D21BDE400155154;
			remoteInfo = Twitter;
		};
		92AD1DD21D21BDE400155154 /* PBXContainerItemProxy */ = {
			isa = PBXContainerItemProxy;
			containerPortal = 92AD1DAA1D21BDE400155154 /* Project object */;
			proxyType = 1;
			remoteGlobalIDString = 92AD1DB11D21BDE400155154;
			remoteInfo = Twitter;
		};
/* End PBXContainerItemProxy section */

/* Begin PBXFileReference section */
		155BB3D98CA964B4636B4F47 /* Pods-Twitter.release.xcconfig */ = {isa = PBXFileReference; includeInIndex = 1; lastKnownFileType = text.xcconfig; name = "Pods-Twitter.release.xcconfig"; path = "Pods/Target Support Files/Pods-Twitter/Pods-Twitter.release.xcconfig"; sourceTree = "<group>"; };
		18BA7A0C62E721C3EA04DEF2 /* Pods-Twitter.debug.xcconfig */ = {isa = PBXFileReference; includeInIndex = 1; lastKnownFileType = text.xcconfig; name = "Pods-Twitter.debug.xcconfig"; path = "Pods/Target Support Files/Pods-Twitter/Pods-Twitter.debug.xcconfig"; sourceTree = "<group>"; };
		37547957F2356FAE62EB1301 /* Pods_TwitterUITests.framework */ = {isa = PBXFileReference; explicitFileType = wrapper.framework; includeInIndex = 0; path = Pods_TwitterUITests.framework; sourceTree = BUILT_PRODUCTS_DIR; };
		5016CA710728920778523FC5 /* Pods-TwitterUITests.debug.xcconfig */ = {isa = PBXFileReference; includeInIndex = 1; lastKnownFileType = text.xcconfig; name = "Pods-TwitterUITests.debug.xcconfig"; path = "Pods/Target Support Files/Pods-TwitterUITests/Pods-TwitterUITests.debug.xcconfig"; sourceTree = "<group>"; };
		5509C742FA76A5A7DF3AC025 /* Pods-TwitterUITests.release.xcconfig */ = {isa = PBXFileReference; includeInIndex = 1; lastKnownFileType = text.xcconfig; name = "Pods-TwitterUITests.release.xcconfig"; path = "Pods/Target Support Files/Pods-TwitterUITests/Pods-TwitterUITests.release.xcconfig"; sourceTree = "<group>"; };
		6EF2F3F5F2682D2E1478C3D4 /* Pods_Twitter.framework */ = {isa = PBXFileReference; explicitFileType = wrapper.framework; includeInIndex = 0; path = Pods_Twitter.framework; sourceTree = BUILT_PRODUCTS_DIR; };
		90EC27E1C2A16CCF848D5FE3 /* Pods-TwitterTests.release.xcconfig */ = {isa = PBXFileReference; includeInIndex = 1; lastKnownFileType = text.xcconfig; name = "Pods-TwitterTests.release.xcconfig"; path = "Pods/Target Support Files/Pods-TwitterTests/Pods-TwitterTests.release.xcconfig"; sourceTree = "<group>"; };
		923126C51D21D593000A14E5 /* User.swift */ = {isa = PBXFileReference; fileEncoding = 4; lastKnownFileType = sourcecode.swift; path = User.swift; sourceTree = "<group>"; };
		923126C71D21D5A3000A14E5 /* Tweet.swift */ = {isa = PBXFileReference; fileEncoding = 4; lastKnownFileType = sourcecode.swift; path = Tweet.swift; sourceTree = "<group>"; };
		923126C91D21D9DE000A14E5 /* TwitterClient.swift */ = {isa = PBXFileReference; fileEncoding = 4; lastKnownFileType = sourcecode.swift; path = TwitterClient.swift; sourceTree = "<group>"; };
		923126CB1D21E9EF000A14E5 /* TweetsViewController.swift */ = {isa = PBXFileReference; fileEncoding = 4; lastKnownFileType = sourcecode.swift; path = TweetsViewController.swift; sourceTree = "<group>"; };
		924FAFE01D25D9BC006B115D /* ComposeView.xib */ = {isa = PBXFileReference; fileEncoding = 4; lastKnownFileType = file.xib; path = ComposeView.xib; sourceTree = "<group>"; };
		924FAFE21D25DD82006B115D /* ComposeView.swift */ = {isa = PBXFileReference; fileEncoding = 4; lastKnownFileType = sourcecode.swift; path = ComposeView.swift; sourceTree = "<group>"; };
		924FAFE41D25E69F006B115D /* ProfilePageViewController.swift */ = {isa = PBXFileReference; fileEncoding = 4; lastKnownFileType = sourcecode.swift; path = ProfilePageViewController.swift; sourceTree = "<group>"; };
		925D9A971D232C50001E2581 /* TweetTableCell.swift */ = {isa = PBXFileReference; fileEncoding = 4; lastKnownFileType = sourcecode.swift; path = TweetTableCell.swift; sourceTree = "<group>"; };
		925D9A991D232C68001E2581 /* TweetTableCell.xib */ = {isa = PBXFileReference; fileEncoding = 4; lastKnownFileType = file.xib; path = TweetTableCell.xib; sourceTree = "<group>"; };
		925D9A9C1D233309001E2581 /* dateExtension.swift */ = {isa = PBXFileReference; fileEncoding = 4; lastKnownFileType = sourcecode.swift; path = dateExtension.swift; sourceTree = "<group>"; };
		925D9A9E1D233540001E2581 /* TweetCell.swift */ = {isa = PBXFileReference; fileEncoding = 4; lastKnownFileType = sourcecode.swift; path = TweetCell.swift; sourceTree = "<group>"; };
		92808CCA1D26E3DC00355402 /* ComposeTweetViewController.swift */ = {isa = PBXFileReference; fileEncoding = 4; lastKnownFileType = sourcecode.swift; path = ComposeTweetViewController.swift; sourceTree = "<group>"; };
		9285FFC61D21C509006D7A07 /* LoginViewController.swift */ = {isa = PBXFileReference; fileEncoding = 4; lastKnownFileType = sourcecode.swift; path = LoginViewController.swift; sourceTree = "<group>"; };
		92AD1DB21D21BDE400155154 /* Twitter.app */ = {isa = PBXFileReference; explicitFileType = wrapper.application; includeInIndex = 0; path = Twitter.app; sourceTree = BUILT_PRODUCTS_DIR; };
		92AD1DB51D21BDE400155154 /* AppDelegate.swift */ = {isa = PBXFileReference; lastKnownFileType = sourcecode.swift; path = AppDelegate.swift; sourceTree = "<group>"; };
		92AD1DBA1D21BDE400155154 /* Base */ = {isa = PBXFileReference; lastKnownFileType = file.storyboard; name = Base; path = Base.lproj/Main.storyboard; sourceTree = "<group>"; };
		92AD1DBC1D21BDE400155154 /* Assets.xcassets */ = {isa = PBXFileReference; lastKnownFileType = folder.assetcatalog; path = Assets.xcassets; sourceTree = "<group>"; };
		92AD1DBF1D21BDE400155154 /* Base */ = {isa = PBXFileReference; lastKnownFileType = file.storyboard; name = Base; path = Base.lproj/LaunchScreen.storyboard; sourceTree = "<group>"; };
		92AD1DC11D21BDE400155154 /* Info.plist */ = {isa = PBXFileReference; lastKnownFileType = text.plist.xml; path = Info.plist; sourceTree = "<group>"; };
		92AD1DC61D21BDE400155154 /* TwitterTests.xctest */ = {isa = PBXFileReference; explicitFileType = wrapper.cfbundle; includeInIndex = 0; path = TwitterTests.xctest; sourceTree = BUILT_PRODUCTS_DIR; };
		92AD1DCA1D21BDE400155154 /* TwitterTests.swift */ = {isa = PBXFileReference; lastKnownFileType = sourcecode.swift; path = TwitterTests.swift; sourceTree = "<group>"; };
		92AD1DCC1D21BDE400155154 /* Info.plist */ = {isa = PBXFileReference; lastKnownFileType = text.plist.xml; path = Info.plist; sourceTree = "<group>"; };
		92AD1DD11D21BDE400155154 /* TwitterUITests.xctest */ = {isa = PBXFileReference; explicitFileType = wrapper.cfbundle; includeInIndex = 0; path = TwitterUITests.xctest; sourceTree = BUILT_PRODUCTS_DIR; };
		92AD1DD51D21BDE400155154 /* TwitterUITests.swift */ = {isa = PBXFileReference; lastKnownFileType = sourcecode.swift; path = TwitterUITests.swift; sourceTree = "<group>"; };
		92AD1DD71D21BDE400155154 /* Info.plist */ = {isa = PBXFileReference; lastKnownFileType = text.plist.xml; path = Info.plist; sourceTree = "<group>"; };
		92E8D0531D2599F7006B36FA /* TweetDetailViewController.swift */ = {isa = PBXFileReference; fileEncoding = 4; lastKnownFileType = sourcecode.swift; path = TweetDetailViewController.swift; sourceTree = "<group>"; };
		ABED019B7FCF9EB31C1815E3 /* Pods-TwitterTests.debug.xcconfig */ = {isa = PBXFileReference; includeInIndex = 1; lastKnownFileType = text.xcconfig; name = "Pods-TwitterTests.debug.xcconfig"; path = "Pods/Target Support Files/Pods-TwitterTests/Pods-TwitterTests.debug.xcconfig"; sourceTree = "<group>"; };
		E6B67905D82E5DFD9320E4C9 /* Pods_TwitterTests.framework */ = {isa = PBXFileReference; explicitFileType = wrapper.framework; includeInIndex = 0; path = Pods_TwitterTests.framework; sourceTree = BUILT_PRODUCTS_DIR; };
/* End PBXFileReference section */

/* Begin PBXFrameworksBuildPhase section */
		92AD1DAF1D21BDE400155154 /* Frameworks */ = {
			isa = PBXFrameworksBuildPhase;
			buildActionMask = 2147483647;
			files = (
				EDBBD53EF264716E8D2882F7 /* Pods_Twitter.framework in Frameworks */,
			);
			runOnlyForDeploymentPostprocessing = 0;
		};
		92AD1DC31D21BDE400155154 /* Frameworks */ = {
			isa = PBXFrameworksBuildPhase;
			buildActionMask = 2147483647;
			files = (
				A6602F23055E77D1DA274576 /* Pods_TwitterTests.framework in Frameworks */,
			);
			runOnlyForDeploymentPostprocessing = 0;
		};
		92AD1DCE1D21BDE400155154 /* Frameworks */ = {
			isa = PBXFrameworksBuildPhase;
			buildActionMask = 2147483647;
			files = (
				A00314CAABC2A7AB44EBD8C9 /* Pods_TwitterUITests.framework in Frameworks */,
			);
			runOnlyForDeploymentPostprocessing = 0;
		};
/* End PBXFrameworksBuildPhase section */

/* Begin PBXGroup section */
		48DCB749ACFF9EA224CC6BF8 /* Pods */ = {
			isa = PBXGroup;
			children = (
				18BA7A0C62E721C3EA04DEF2 /* Pods-Twitter.debug.xcconfig */,
				155BB3D98CA964B4636B4F47 /* Pods-Twitter.release.xcconfig */,
				ABED019B7FCF9EB31C1815E3 /* Pods-TwitterTests.debug.xcconfig */,
				90EC27E1C2A16CCF848D5FE3 /* Pods-TwitterTests.release.xcconfig */,
				5016CA710728920778523FC5 /* Pods-TwitterUITests.debug.xcconfig */,
				5509C742FA76A5A7DF3AC025 /* Pods-TwitterUITests.release.xcconfig */,
			);
			name = Pods;
			sourceTree = "<group>";
		};
		923126BF1D21D534000A14E5 /* Models */ = {
			isa = PBXGroup;
			children = (
				923126C51D21D593000A14E5 /* User.swift */,
				923126C71D21D5A3000A14E5 /* Tweet.swift */,
			);
			name = Models;
			sourceTree = "<group>";
		};
		923126C01D21D549000A14E5 /* Views */ = {
			isa = PBXGroup;
			children = (
				924FAFE21D25DD82006B115D /* ComposeView.swift */,
				925D9A971D232C50001E2581 /* TweetTableCell.swift */,
				925D9A9E1D233540001E2581 /* TweetCell.swift */,
			);
			name = Views;
			sourceTree = "<group>";
		};
		923126C11D21D54D000A14E5 /* View Controllers */ = {
			isa = PBXGroup;
			children = (
				92808CCA1D26E3DC00355402 /* ComposeTweetViewController.swift */,
				924FAFE41D25E69F006B115D /* ProfilePageViewController.swift */,
				9285FFC61D21C509006D7A07 /* LoginViewController.swift */,
				92E8D0531D2599F7006B36FA /* TweetDetailViewController.swift */,
				923126CB1D21E9EF000A14E5 /* TweetsViewController.swift */,
			);
			name = "View Controllers";
			sourceTree = "<group>";
		};
		923126C21D21D552000A14E5 /* API */ = {
			isa = PBXGroup;
			children = (
				923126C91D21D9DE000A14E5 /* TwitterClient.swift */,
			);
			name = API;
			sourceTree = "<group>";
		};
		923126C31D21D55D000A14E5 /* Delegates */ = {
			isa = PBXGroup;
			children = (
				92AD1DB51D21BDE400155154 /* AppDelegate.swift */,
			);
			name = Delegates;
			sourceTree = "<group>";
		};
		923126C41D21D56D000A14E5 /* UI */ = {
			isa = PBXGroup;
			children = (
				92AD1DB91D21BDE400155154 /* Main.storyboard */,
				924FAFE01D25D9BC006B115D /* ComposeView.xib */,
				92AD1DBE1D21BDE400155154 /* LaunchScreen.storyboard */,
				925D9A991D232C68001E2581 /* TweetTableCell.xib */,
			);
			name = UI;
			sourceTree = "<group>";
		};
		925D9A9B1D2332E9001E2581 /* Extensions */ = {
			isa = PBXGroup;
			children = (
				925D9A9C1D233309001E2581 /* dateExtension.swift */,
			);
			name = Extensions;
			sourceTree = "<group>";
		};
		92AD1DA91D21BDE400155154 = {
			isa = PBXGroup;
			children = (
				92AD1DB41D21BDE400155154 /* Twitter */,
				92AD1DC91D21BDE400155154 /* TwitterTests */,
				92AD1DD41D21BDE400155154 /* TwitterUITests */,
				92AD1DB31D21BDE400155154 /* Products */,
				48DCB749ACFF9EA224CC6BF8 /* Pods */,
				9D98A5001397F041F6B61ED0 /* Frameworks */,
			);
			sourceTree = "<group>";
		};
		92AD1DB31D21BDE400155154 /* Products */ = {
			isa = PBXGroup;
			children = (
				92AD1DB21D21BDE400155154 /* Twitter.app */,
				92AD1DC61D21BDE400155154 /* TwitterTests.xctest */,
				92AD1DD11D21BDE400155154 /* TwitterUITests.xctest */,
			);
			name = Products;
			sourceTree = "<group>";
		};
		92AD1DB41D21BDE400155154 /* Twitter */ = {
			isa = PBXGroup;
			children = (
				925D9A9B1D2332E9001E2581 /* Extensions */,
				923126C41D21D56D000A14E5 /* UI */,
				923126C31D21D55D000A14E5 /* Delegates */,
				923126C21D21D552000A14E5 /* API */,
				923126C11D21D54D000A14E5 /* View Controllers */,
				923126C01D21D549000A14E5 /* Views */,
				923126BF1D21D534000A14E5 /* Models */,
				92AD1DBC1D21BDE400155154 /* Assets.xcassets */,
				92AD1DC11D21BDE400155154 /* Info.plist */,
			);
			path = Twitter;
			sourceTree = "<group>";
		};
		92AD1DC91D21BDE400155154 /* TwitterTests */ = {
			isa = PBXGroup;
			children = (
				92AD1DCA1D21BDE400155154 /* TwitterTests.swift */,
				92AD1DCC1D21BDE400155154 /* Info.plist */,
			);
			path = TwitterTests;
			sourceTree = "<group>";
		};
		92AD1DD41D21BDE400155154 /* TwitterUITests */ = {
			isa = PBXGroup;
			children = (
				92AD1DD51D21BDE400155154 /* TwitterUITests.swift */,
				92AD1DD71D21BDE400155154 /* Info.plist */,
			);
			path = TwitterUITests;
			sourceTree = "<group>";
		};
		9D98A5001397F041F6B61ED0 /* Frameworks */ = {
			isa = PBXGroup;
			children = (
				6EF2F3F5F2682D2E1478C3D4 /* Pods_Twitter.framework */,
				E6B67905D82E5DFD9320E4C9 /* Pods_TwitterTests.framework */,
				37547957F2356FAE62EB1301 /* Pods_TwitterUITests.framework */,
			);
			name = Frameworks;
			sourceTree = "<group>";
		};
/* End PBXGroup section */

/* Begin PBXNativeTarget section */
		92AD1DB11D21BDE400155154 /* Twitter */ = {
			isa = PBXNativeTarget;
			buildConfigurationList = 92AD1DDA1D21BDE400155154 /* Build configuration list for PBXNativeTarget "Twitter" */;
			buildPhases = (
				2359F6756A82592A9FA2CDE6 /* [CP] Check Pods Manifest.lock */,
				92AD1DAE1D21BDE400155154 /* Sources */,
				92AD1DAF1D21BDE400155154 /* Frameworks */,
				92AD1DB01D21BDE400155154 /* Resources */,
				D7AA94E0F2D57A4AEE360223 /* [CP] Embed Pods Frameworks */,
				97823E677CDBB9CBC993052A /* [CP] Copy Pods Resources */,
			);
			buildRules = (
			);
			dependencies = (
			);
			name = Twitter;
			productName = Twitter;
			productReference = 92AD1DB21D21BDE400155154 /* Twitter.app */;
			productType = "com.apple.product-type.application";
		};
		92AD1DC51D21BDE400155154 /* TwitterTests */ = {
			isa = PBXNativeTarget;
			buildConfigurationList = 92AD1DDD1D21BDE400155154 /* Build configuration list for PBXNativeTarget "TwitterTests" */;
			buildPhases = (
				6085AA336BB501E10F8122CF /* [CP] Check Pods Manifest.lock */,
				92AD1DC21D21BDE400155154 /* Sources */,
				92AD1DC31D21BDE400155154 /* Frameworks */,
				92AD1DC41D21BDE400155154 /* Resources */,
				80CF289BD47E1E2995C0B16E /* [CP] Embed Pods Frameworks */,
				B7133A79093DC4C4B4F2F3E9 /* [CP] Copy Pods Resources */,
			);
			buildRules = (
			);
			dependencies = (
				92AD1DC81D21BDE400155154 /* PBXTargetDependency */,
			);
			name = TwitterTests;
			productName = TwitterTests;
			productReference = 92AD1DC61D21BDE400155154 /* TwitterTests.xctest */;
			productType = "com.apple.product-type.bundle.unit-test";
		};
		92AD1DD01D21BDE400155154 /* TwitterUITests */ = {
			isa = PBXNativeTarget;
			buildConfigurationList = 92AD1DE01D21BDE400155154 /* Build configuration list for PBXNativeTarget "TwitterUITests" */;
			buildPhases = (
				672126ECF179ACA7EF9900B7 /* [CP] Check Pods Manifest.lock */,
				92AD1DCD1D21BDE400155154 /* Sources */,
				92AD1DCE1D21BDE400155154 /* Frameworks */,
				92AD1DCF1D21BDE400155154 /* Resources */,
				889163200687014D2F0FB8A6 /* [CP] Copy Pods Resources */,
			);
			buildRules = (
			);
			dependencies = (
				92AD1DD31D21BDE400155154 /* PBXTargetDependency */,
			);
			name = TwitterUITests;
			productName = TwitterUITests;
			productReference = 92AD1DD11D21BDE400155154 /* TwitterUITests.xctest */;
			productType = "com.apple.product-type.bundle.ui-testing";
		};
/* End PBXNativeTarget section */

/* Begin PBXProject section */
		92AD1DAA1D21BDE400155154 /* Project object */ = {
			isa = PBXProject;
			attributes = {
				LastSwiftUpdateCheck = 0730;
				LastUpgradeCheck = 0730;
				ORGANIZATIONNAME = "Nancy Xu";
				TargetAttributes = {
					92AD1DB11D21BDE400155154 = {
						CreatedOnToolsVersion = 7.3.1;
						DevelopmentTeam = D777QB9ALE;
					};
					92AD1DC51D21BDE400155154 = {
						CreatedOnToolsVersion = 7.3.1;
						TestTargetID = 92AD1DB11D21BDE400155154;
					};
					92AD1DD01D21BDE400155154 = {
						CreatedOnToolsVersion = 7.3.1;
						TestTargetID = 92AD1DB11D21BDE400155154;
					};
				};
			};
			buildConfigurationList = 92AD1DAD1D21BDE400155154 /* Build configuration list for PBXProject "Twitter" */;
			compatibilityVersion = "Xcode 3.2";
			developmentRegion = English;
			hasScannedForEncodings = 0;
			knownRegions = (
				en,
				Base,
			);
			mainGroup = 92AD1DA91D21BDE400155154;
			productRefGroup = 92AD1DB31D21BDE400155154 /* Products */;
			projectDirPath = "";
			projectRoot = "";
			targets = (
				92AD1DB11D21BDE400155154 /* Twitter */,
				92AD1DC51D21BDE400155154 /* TwitterTests */,
				92AD1DD01D21BDE400155154 /* TwitterUITests */,
			);
		};
/* End PBXProject section */

/* Begin PBXResourcesBuildPhase section */
		92AD1DB01D21BDE400155154 /* Resources */ = {
			isa = PBXResourcesBuildPhase;
			buildActionMask = 2147483647;
			files = (
				925D9A9A1D232C68001E2581 /* TweetTableCell.xib in Resources */,
				92AD1DC01D21BDE400155154 /* LaunchScreen.storyboard in Resources */,
				92AD1DBD1D21BDE400155154 /* Assets.xcassets in Resources */,
				924FAFE11D25D9BC006B115D /* ComposeView.xib in Resources */,
				92AD1DBB1D21BDE400155154 /* Main.storyboard in Resources */,
			);
			runOnlyForDeploymentPostprocessing = 0;
		};
		92AD1DC41D21BDE400155154 /* Resources */ = {
			isa = PBXResourcesBuildPhase;
			buildActionMask = 2147483647;
			files = (
			);
			runOnlyForDeploymentPostprocessing = 0;
		};
		92AD1DCF1D21BDE400155154 /* Resources */ = {
			isa = PBXResourcesBuildPhase;
			buildActionMask = 2147483647;
			files = (
			);
			runOnlyForDeploymentPostprocessing = 0;
		};
/* End PBXResourcesBuildPhase section */

/* Begin PBXShellScriptBuildPhase section */
		2359F6756A82592A9FA2CDE6 /* [CP] Check Pods Manifest.lock */ = {
			isa = PBXShellScriptBuildPhase;
			buildActionMask = 2147483647;
			files = (
			);
			inputPaths = (
			);
			name = "[CP] Check Pods Manifest.lock";
			outputPaths = (
			);
			runOnlyForDeploymentPostprocessing = 0;
			shellPath = /bin/sh;
			shellScript = "diff \"${PODS_ROOT}/../Podfile.lock\" \"${PODS_ROOT}/Manifest.lock\" > /dev/null\nif [[ $? != 0 ]] ; then\n    cat << EOM\nerror: The sandbox is not in sync with the Podfile.lock. Run 'pod install' or update your CocoaPods installation.\nEOM\n    exit 1\nfi\n";
			showEnvVarsInLog = 0;
		};
		6085AA336BB501E10F8122CF /* [CP] Check Pods Manifest.lock */ = {
			isa = PBXShellScriptBuildPhase;
			buildActionMask = 2147483647;
			files = (
			);
			inputPaths = (
			);
			name = "[CP] Check Pods Manifest.lock";
			outputPaths = (
			);
			runOnlyForDeploymentPostprocessing = 0;
			shellPath = /bin/sh;
			shellScript = "diff \"${PODS_ROOT}/../Podfile.lock\" \"${PODS_ROOT}/Manifest.lock\" > /dev/null\nif [[ $? != 0 ]] ; then\n    cat << EOM\nerror: The sandbox is not in sync with the Podfile.lock. Run 'pod install' or update your CocoaPods installation.\nEOM\n    exit 1\nfi\n";
			showEnvVarsInLog = 0;
		};
		672126ECF179ACA7EF9900B7 /* [CP] Check Pods Manifest.lock */ = {
			isa = PBXShellScriptBuildPhase;
			buildActionMask = 2147483647;
			files = (
			);
			inputPaths = (
			);
			name = "[CP] Check Pods Manifest.lock";
			outputPaths = (
			);
			runOnlyForDeploymentPostprocessing = 0;
			shellPath = /bin/sh;
			shellScript = "diff \"${PODS_ROOT}/../Podfile.lock\" \"${PODS_ROOT}/Manifest.lock\" > /dev/null\nif [[ $? != 0 ]] ; then\n    cat << EOM\nerror: The sandbox is not in sync with the Podfile.lock. Run 'pod install' or update your CocoaPods installation.\nEOM\n    exit 1\nfi\n";
			showEnvVarsInLog = 0;
		};
		80CF289BD47E1E2995C0B16E /* [CP] Embed Pods Frameworks */ = {
			isa = PBXShellScriptBuildPhase;
			buildActionMask = 2147483647;
			files = (
			);
			inputPaths = (
			);
			name = "[CP] Embed Pods Frameworks";
			outputPaths = (
			);
			runOnlyForDeploymentPostprocessing = 0;
			shellPath = /bin/sh;
			shellScript = "\"${SRCROOT}/Pods/Target Support Files/Pods-TwitterTests/Pods-TwitterTests-frameworks.sh\"\n";
			showEnvVarsInLog = 0;
		};
		889163200687014D2F0FB8A6 /* [CP] Copy Pods Resources */ = {
			isa = PBXShellScriptBuildPhase;
			buildActionMask = 2147483647;
			files = (
			);
			inputPaths = (
			);
			name = "[CP] Copy Pods Resources";
			outputPaths = (
			);
			runOnlyForDeploymentPostprocessing = 0;
			shellPath = /bin/sh;
			shellScript = "\"${SRCROOT}/Pods/Target Support Files/Pods-TwitterUITests/Pods-TwitterUITests-resources.sh\"\n";
			showEnvVarsInLog = 0;
		};
		97823E677CDBB9CBC993052A /* [CP] Copy Pods Resources */ = {
			isa = PBXShellScriptBuildPhase;
			buildActionMask = 2147483647;
			files = (
			);
			inputPaths = (
			);
			name = "[CP] Copy Pods Resources";
			outputPaths = (
			);
			runOnlyForDeploymentPostprocessing = 0;
			shellPath = /bin/sh;
			shellScript = "\"${SRCROOT}/Pods/Target Support Files/Pods-Twitter/Pods-Twitter-resources.sh\"\n";
			showEnvVarsInLog = 0;
		};
		B7133A79093DC4C4B4F2F3E9 /* [CP] Copy Pods Resources */ = {
			isa = PBXShellScriptBuildPhase;
			buildActionMask = 2147483647;
			files = (
			);
			inputPaths = (
			);
			name = "[CP] Copy Pods Resources";
			outputPaths = (
			);
			runOnlyForDeploymentPostprocessing = 0;
			shellPath = /bin/sh;
			shellScript = "\"${SRCROOT}/Pods/Target Support Files/Pods-TwitterTests/Pods-TwitterTests-resources.sh\"\n";
			showEnvVarsInLog = 0;
		};
		D7AA94E0F2D57A4AEE360223 /* [CP] Embed Pods Frameworks */ = {
			isa = PBXShellScriptBuildPhase;
			buildActionMask = 2147483647;
			files = (
			);
			inputPaths = (
			);
			name = "[CP] Embed Pods Frameworks";
			outputPaths = (
			);
			runOnlyForDeploymentPostprocessing = 0;
			shellPath = /bin/sh;
			shellScript = "\"${SRCROOT}/Pods/Target Support Files/Pods-Twitter/Pods-Twitter-frameworks.sh\"\n";
			showEnvVarsInLog = 0;
		};
/* End PBXShellScriptBuildPhase section */

/* Begin PBXSourcesBuildPhase section */
		92AD1DAE1D21BDE400155154 /* Sources */ = {
			isa = PBXSourcesBuildPhase;
			buildActionMask = 2147483647;
			files = (
				92808CCB1D26E3DC00355402 /* ComposeTweetViewController.swift in Sources */,
				925D9A981D232C50001E2581 /* TweetTableCell.swift in Sources */,
				925D9A9D1D233309001E2581 /* dateExtension.swift in Sources */,
				923126C61D21D593000A14E5 /* User.swift in Sources */,
				924FAFE31D25DD82006B115D /* ComposeView.swift in Sources */,
				925D9A9F1D233540001E2581 /* TweetCell.swift in Sources */,
				923126C81D21D5A3000A14E5 /* Tweet.swift in Sources */,
				9285FFC71D21C509006D7A07 /* LoginViewController.swift in Sources */,
				924FAFE51D25E69F006B115D /* ProfilePageViewController.swift in Sources */,
				923126CC1D21E9EF000A14E5 /* TweetsViewController.swift in Sources */,
				923126CA1D21D9DE000A14E5 /* TwitterClient.swift in Sources */,
				92AD1DB61D21BDE400155154 /* AppDelegate.swift in Sources */,
				92E8D0541D2599F7006B36FA /* TweetDetailViewController.swift in Sources */,
			);
			runOnlyForDeploymentPostprocessing = 0;
		};
		92AD1DC21D21BDE400155154 /* Sources */ = {
			isa = PBXSourcesBuildPhase;
			buildActionMask = 2147483647;
			files = (
				92AD1DCB1D21BDE400155154 /* TwitterTests.swift in Sources */,
			);
			runOnlyForDeploymentPostprocessing = 0;
		};
		92AD1DCD1D21BDE400155154 /* Sources */ = {
			isa = PBXSourcesBuildPhase;
			buildActionMask = 2147483647;
			files = (
				92AD1DD61D21BDE400155154 /* TwitterUITests.swift in Sources */,
			);
			runOnlyForDeploymentPostprocessing = 0;
		};
/* End PBXSourcesBuildPhase section */

/* Begin PBXTargetDependency section */
		92AD1DC81D21BDE400155154 /* PBXTargetDependency */ = {
			isa = PBXTargetDependency;
			target = 92AD1DB11D21BDE400155154 /* Twitter */;
			targetProxy = 92AD1DC71D21BDE400155154 /* PBXContainerItemProxy */;
		};
		92AD1DD31D21BDE400155154 /* PBXTargetDependency */ = {
			isa = PBXTargetDependency;
			target = 92AD1DB11D21BDE400155154 /* Twitter */;
			targetProxy = 92AD1DD21D21BDE400155154 /* PBXContainerItemProxy */;
		};
/* End PBXTargetDependency section */

/* Begin PBXVariantGroup section */
		92AD1DB91D21BDE400155154 /* Main.storyboard */ = {
			isa = PBXVariantGroup;
			children = (
				92AD1DBA1D21BDE400155154 /* Base */,
			);
			name = Main.storyboard;
			sourceTree = "<group>";
		};
		92AD1DBE1D21BDE400155154 /* LaunchScreen.storyboard */ = {
			isa = PBXVariantGroup;
			children = (
				92AD1DBF1D21BDE400155154 /* Base */,
			);
			name = LaunchScreen.storyboard;
			sourceTree = "<group>";
		};
/* End PBXVariantGroup section */

/* Begin XCBuildConfiguration section */
		92AD1DD81D21BDE400155154 /* Debug */ = {
			isa = XCBuildConfiguration;
			buildSettings = {
				ALWAYS_SEARCH_USER_PATHS = NO;
				CLANG_ANALYZER_NONNULL = YES;
				CLANG_CXX_LANGUAGE_STANDARD = "gnu++0x";
				CLANG_CXX_LIBRARY = "libc++";
				CLANG_ENABLE_MODULES = YES;
				CLANG_ENABLE_OBJC_ARC = YES;
				CLANG_WARN_BOOL_CONVERSION = YES;
				CLANG_WARN_CONSTANT_CONVERSION = YES;
				CLANG_WARN_DIRECT_OBJC_ISA_USAGE = YES_ERROR;
				CLANG_WARN_EMPTY_BODY = YES;
				CLANG_WARN_ENUM_CONVERSION = YES;
				CLANG_WARN_INT_CONVERSION = YES;
				CLANG_WARN_OBJC_ROOT_CLASS = YES_ERROR;
				CLANG_WARN_UNREACHABLE_CODE = YES;
				CLANG_WARN__DUPLICATE_METHOD_MATCH = YES;
				"CODE_SIGN_IDENTITY[sdk=iphoneos*]" = "iPhone Developer";
				COPY_PHASE_STRIP = NO;
				DEBUG_INFORMATION_FORMAT = dwarf;
				ENABLE_STRICT_OBJC_MSGSEND = YES;
				ENABLE_TESTABILITY = YES;
				GCC_C_LANGUAGE_STANDARD = gnu99;
				GCC_DYNAMIC_NO_PIC = NO;
				GCC_NO_COMMON_BLOCKS = YES;
				GCC_OPTIMIZATION_LEVEL = 0;
				GCC_PREPROCESSOR_DEFINITIONS = (
					"DEBUG=1",
					"$(inherited)",
				);
				GCC_WARN_64_TO_32_BIT_CONVERSION = YES;
				GCC_WARN_ABOUT_RETURN_TYPE = YES_ERROR;
				GCC_WARN_UNDECLARED_SELECTOR = YES;
				GCC_WARN_UNINITIALIZED_AUTOS = YES_AGGRESSIVE;
				GCC_WARN_UNUSED_FUNCTION = YES;
				GCC_WARN_UNUSED_VARIABLE = YES;
				IPHONEOS_DEPLOYMENT_TARGET = 9.3;
				MTL_ENABLE_DEBUG_INFO = YES;
				ONLY_ACTIVE_ARCH = YES;
				SDKROOT = iphoneos;
				SWIFT_OPTIMIZATION_LEVEL = "-Onone";
			};
			name = Debug;
		};
		92AD1DD91D21BDE400155154 /* Release */ = {
			isa = XCBuildConfiguration;
			buildSettings = {
				ALWAYS_SEARCH_USER_PATHS = NO;
				CLANG_ANALYZER_NONNULL = YES;
				CLANG_CXX_LANGUAGE_STANDARD = "gnu++0x";
				CLANG_CXX_LIBRARY = "libc++";
				CLANG_ENABLE_MODULES = YES;
				CLANG_ENABLE_OBJC_ARC = YES;
				CLANG_WARN_BOOL_CONVERSION = YES;
				CLANG_WARN_CONSTANT_CONVERSION = YES;
				CLANG_WARN_DIRECT_OBJC_ISA_USAGE = YES_ERROR;
				CLANG_WARN_EMPTY_BODY = YES;
				CLANG_WARN_ENUM_CONVERSION = YES;
				CLANG_WARN_INT_CONVERSION = YES;
				CLANG_WARN_OBJC_ROOT_CLASS = YES_ERROR;
				CLANG_WARN_UNREACHABLE_CODE = YES;
				CLANG_WARN__DUPLICATE_METHOD_MATCH = YES;
				"CODE_SIGN_IDENTITY[sdk=iphoneos*]" = "iPhone Developer";
				COPY_PHASE_STRIP = NO;
				DEBUG_INFORMATION_FORMAT = "dwarf-with-dsym";
				ENABLE_NS_ASSERTIONS = NO;
				ENABLE_STRICT_OBJC_MSGSEND = YES;
				GCC_C_LANGUAGE_STANDARD = gnu99;
				GCC_NO_COMMON_BLOCKS = YES;
				GCC_WARN_64_TO_32_BIT_CONVERSION = YES;
				GCC_WARN_ABOUT_RETURN_TYPE = YES_ERROR;
				GCC_WARN_UNDECLARED_SELECTOR = YES;
				GCC_WARN_UNINITIALIZED_AUTOS = YES_AGGRESSIVE;
				GCC_WARN_UNUSED_FUNCTION = YES;
				GCC_WARN_UNUSED_VARIABLE = YES;
				IPHONEOS_DEPLOYMENT_TARGET = 9.3;
				MTL_ENABLE_DEBUG_INFO = NO;
				SDKROOT = iphoneos;
				VALIDATE_PRODUCT = YES;
			};
			name = Release;
		};
		92AD1DDB1D21BDE400155154 /* Debug */ = {
			isa = XCBuildConfiguration;
			baseConfigurationReference = 18BA7A0C62E721C3EA04DEF2 /* Pods-Twitter.debug.xcconfig */;
			buildSettings = {
				ASSETCATALOG_COMPILER_APPICON_NAME = AppIcon;
				CODE_SIGN_IDENTITY = "iPhone Developer";
				"CODE_SIGN_IDENTITY[sdk=iphoneos*]" = "iPhone Developer";
				INFOPLIST_FILE = Twitter/Info.plist;
				LD_RUNPATH_SEARCH_PATHS = "$(inherited) @executable_path/Frameworks";
				PRODUCT_BUNDLE_IDENTIFIER = Twitter.Twitter;
				PRODUCT_NAME = "$(TARGET_NAME)";
				PROVISIONING_PROFILE = "";
			};
			name = Debug;
		};
		92AD1DDC1D21BDE400155154 /* Release */ = {
			isa = XCBuildConfiguration;
			baseConfigurationReference = 155BB3D98CA964B4636B4F47 /* Pods-Twitter.release.xcconfig */;
			buildSettings = {
				ASSETCATALOG_COMPILER_APPICON_NAME = AppIcon;
				CODE_SIGN_IDENTITY = "iPhone Developer";
				"CODE_SIGN_IDENTITY[sdk=iphoneos*]" = "iPhone Developer";
				INFOPLIST_FILE = Twitter/Info.plist;
				LD_RUNPATH_SEARCH_PATHS = "$(inherited) @executable_path/Frameworks";
				PRODUCT_BUNDLE_IDENTIFIER = Twitter.Twitter;
				PRODUCT_NAME = "$(TARGET_NAME)";
				PROVISIONING_PROFILE = "";
			};
			name = Release;
		};
		92AD1DDE1D21BDE400155154 /* Debug */ = {
			isa = XCBuildConfiguration;
			baseConfigurationReference = ABED019B7FCF9EB31C1815E3 /* Pods-TwitterTests.debug.xcconfig */;
			buildSettings = {
				BUNDLE_LOADER = "$(TEST_HOST)";
				INFOPLIST_FILE = TwitterTests/Info.plist;
				LD_RUNPATH_SEARCH_PATHS = "$(inherited) @executable_path/Frameworks @loader_path/Frameworks";
				PRODUCT_BUNDLE_IDENTIFIER = Twitter.TwitterTests;
				PRODUCT_NAME = "$(TARGET_NAME)";
				TEST_HOST = "$(BUILT_PRODUCTS_DIR)/Twitter.app/Twitter";
			};
			name = Debug;
		};
		92AD1DDF1D21BDE400155154 /* Release */ = {
			isa = XCBuildConfiguration;
			baseConfigurationReference = 90EC27E1C2A16CCF848D5FE3 /* Pods-TwitterTests.release.xcconfig */;
			buildSettings = {
				BUNDLE_LOADER = "$(TEST_HOST)";
				INFOPLIST_FILE = TwitterTests/Info.plist;
				LD_RUNPATH_SEARCH_PATHS = "$(inherited) @executable_path/Frameworks @loader_path/Frameworks";
				PRODUCT_BUNDLE_IDENTIFIER = Twitter.TwitterTests;
				PRODUCT_NAME = "$(TARGET_NAME)";
				TEST_HOST = "$(BUILT_PRODUCTS_DIR)/Twitter.app/Twitter";
			};
			name = Release;
		};
		92AD1DE11D21BDE400155154 /* Debug */ = {
			isa = XCBuildConfiguration;
			baseConfigurationReference = 5016CA710728920778523FC5 /* Pods-TwitterUITests.debug.xcconfig */;
			buildSettings = {
				INFOPLIST_FILE = TwitterUITests/Info.plist;
				LD_RUNPATH_SEARCH_PATHS = "$(inherited) @executable_path/Frameworks @loader_path/Frameworks";
				PRODUCT_BUNDLE_IDENTIFIER = Twitter.TwitterUITests;
				PRODUCT_NAME = "$(TARGET_NAME)";
				TEST_TARGET_NAME = Twitter;
			};
			name = Debug;
		};
		92AD1DE21D21BDE400155154 /* Release */ = {
			isa = XCBuildConfiguration;
			baseConfigurationReference = 5509C742FA76A5A7DF3AC025 /* Pods-TwitterUITests.release.xcconfig */;
			buildSettings = {
				INFOPLIST_FILE = TwitterUITests/Info.plist;
				LD_RUNPATH_SEARCH_PATHS = "$(inherited) @executable_path/Frameworks @loader_path/Frameworks";
				PRODUCT_BUNDLE_IDENTIFIER = Twitter.TwitterUITests;
				PRODUCT_NAME = "$(TARGET_NAME)";
				TEST_TARGET_NAME = Twitter;
			};
			name = Release;
		};
/* End XCBuildConfiguration section */

/* Begin XCConfigurationList section */
		92AD1DAD1D21BDE400155154 /* Build configuration list for PBXProject "Twitter" */ = {
			isa = XCConfigurationList;
			buildConfigurations = (
				92AD1DD81D21BDE400155154 /* Debug */,
				92AD1DD91D21BDE400155154 /* Release */,
			);
			defaultConfigurationIsVisible = 0;
			defaultConfigurationName = Release;
		};
		92AD1DDA1D21BDE400155154 /* Build configuration list for PBXNativeTarget "Twitter" */ = {
			isa = XCConfigurationList;
			buildConfigurations = (
				92AD1DDB1D21BDE400155154 /* Debug */,
				92AD1DDC1D21BDE400155154 /* Release */,
			);
			defaultConfigurationIsVisible = 0;
			defaultConfigurationName = Release;
		};
		92AD1DDD1D21BDE400155154 /* Build configuration list for PBXNativeTarget "TwitterTests" */ = {
			isa = XCConfigurationList;
			buildConfigurations = (
				92AD1DDE1D21BDE400155154 /* Debug */,
				92AD1DDF1D21BDE400155154 /* Release */,
			);
			defaultConfigurationIsVisible = 0;
			defaultConfigurationName = Release;
		};
		92AD1DE01D21BDE400155154 /* Build configuration list for PBXNativeTarget "TwitterUITests" */ = {
			isa = XCConfigurationList;
			buildConfigurations = (
				92AD1DE11D21BDE400155154 /* Debug */,
				92AD1DE21D21BDE400155154 /* Release */,
			);
			defaultConfigurationIsVisible = 0;
			defaultConfigurationName = Release;
		};
/* End XCConfigurationList section */
	};
	rootObject = 92AD1DAA1D21BDE400155154 /* Project object */;
}
